
Microsoft Visual Studio Solution File, Format Version 12.00
# Visual Studio Version 16
VisualStudioVersion = 16.0.31205.134
MinimumVisualStudioVersion = 10.0.40219.1
Project("{FAE04EC0-301F-11D3-BF4B-00C04F79EFBC}") = "Junk Code Generator", "Junk Code Generator\Junk Code Generator.csproj", "{2A99C3CA-B4DD-43E3-A7A0-2E97DA0E96ED}"
EndProject
Global
	GlobalSection(SolutionConfigurationPlatforms) = preSolution
		Debug|Any CPU = Debug|Any CPU
		Release|Any CPU = Release|Any CPU
	EndGlobalSection
	GlobalSection(ProjectConfigurationPlatforms) = postSolution
		{2A99C3CA-B4DD-43E3-A7A0-2E97DA0E96ED}.Debug|Any CPU.ActiveCfg = Debug|Any CPU
		{2A99C3CA-B4DD-43E3-A7A0-2E97DA0E96ED}.Debug|Any CPU.Build.0 = Debug|Any CPU
		{2A99C3CA-B4DD-43E3-A7A0-2E97DA0E96ED}.Release|Any CPU.ActiveCfg = Release|Any CPU
		{2A99C3CA-B4DD-43E3-A7A0-2E97DA0E96ED}.Release|Any CPU.Build.0 = Release|Any CPU
	EndGlobalSection
	GlobalSection(SolutionProperties) = preSolution
		HideSolutionNode = FALSE
	EndGlobalSection
	GlobalSection(ExtensibilityGlobals) = postSolution
		SolutionGuid = {BE6A4BE8-1A9C-4F88-AD2A-226D024AE787}
	EndGlobalSection
EndGlobal
